// !$*UTF8*$!
{
	archiveVersion = 1;
	classes = {
	};
	objectVersion = 46;
	objects = {

/* Begin PBXBuildFile section */
		111196681DE1E44700F27154 /* Dictionary+Extension.swift in Sources */ = {isa = PBXBuildFile; fileRef = 111196661DE1E44700F27154 /* Dictionary+Extension.swift */; };
		111196691DE1E44700F27154 /* Timer+Extension.swift in Sources */ = {isa = PBXBuildFile; fileRef = 111196671DE1E44700F27154 /* Timer+Extension.swift */; };
		111A8FEE1DF151B900504F3A /* CityAdressPickerView.swift in Sources */ = {isa = PBXBuildFile; fileRef = 111A8FED1DF151B900504F3A /* CityAdressPickerView.swift */; };
		112269311DFA42B400EABCEB /* Array+Extension.swift in Sources */ = {isa = PBXBuildFile; fileRef = 112269301DFA42B400EABCEB /* Array+Extension.swift */; };
		1122693C1DFC40F000EABCEB /* UIButton+Extension.swift in Sources */ = {isa = PBXBuildFile; fileRef = 1122693B1DFC40F000EABCEB /* UIButton+Extension.swift */; };
		1122693E1DFCD3C900EABCEB /* Date+Extension.swift in Sources */ = {isa = PBXBuildFile; fileRef = 1122693D1DFCD3C900EABCEB /* Date+Extension.swift */; };
		112329F41DC8752000B1911B /* String+Extension.swift in Sources */ = {isa = PBXBuildFile; fileRef = 112329F31DC8752000B1911B /* String+Extension.swift */; };
		112956761DDC390200BEDC86 /* CommonUtils.swift in Sources */ = {isa = PBXBuildFile; fileRef = 112956751DDC390200BEDC86 /* CommonUtils.swift */; };
		113641591DC3247900D1DD71 /* VerifyCodeButton.swift in Sources */ = {isa = PBXBuildFile; fileRef = 113641581DC3247900D1DD71 /* VerifyCodeButton.swift */; };
		114C4B5D1F1617FB00F9C8C0 /* Data+Extension.swift in Sources */ = {isa = PBXBuildFile; fileRef = 114C4B5C1F1617FB00F9C8C0 /* Data+Extension.swift */; };
		115E7FCC1DDABA4200DADCA9 /* MyVerifyCodeButton.swift in Sources */ = {isa = PBXBuildFile; fileRef = 115E7FCB1DDABA4200DADCA9 /* MyVerifyCodeButton.swift */; };
		11600D711DFFD96E002BC244 /* UIViewController+Extension.swift in Sources */ = {isa = PBXBuildFile; fileRef = 11600D701DFFD96E002BC244 /* UIViewController+Extension.swift */; };
		116C78D91E00F1F5009FCB25 /* ScanQRCodesViewController.swift in Sources */ = {isa = PBXBuildFile; fileRef = 116C78D71E00F1F5009FCB25 /* ScanQRCodesViewController.swift */; };
		116C78DA1E00F1F5009FCB25 /* ScanResultTextViewController.swift in Sources */ = {isa = PBXBuildFile; fileRef = 116C78D81E00F1F5009FCB25 /* ScanResultTextViewController.swift */; };
		116C78E71E00F302009FCB25 /* ScanQRCodesViewController.swift in Sources */ = {isa = PBXBuildFile; fileRef = 116C78DD1E00F302009FCB25 /* ScanQRCodesViewController.swift */; };
		116C78E81E00F302009FCB25 /* ScanResultTextViewController.swift in Sources */ = {isa = PBXBuildFile; fileRef = 116C78DE1E00F302009FCB25 /* ScanResultTextViewController.swift */; };
		116C78E91E00F302009FCB25 /* LBXPermissions.swift in Sources */ = {isa = PBXBuildFile; fileRef = 116C78E01E00F302009FCB25 /* LBXPermissions.swift */; };
		116C78EA1E00F302009FCB25 /* LBXScanLineAnimation.swift in Sources */ = {isa = PBXBuildFile; fileRef = 116C78E11E00F302009FCB25 /* LBXScanLineAnimation.swift */; };
		116C78EB1E00F302009FCB25 /* LBXScanNetAnimation.swift in Sources */ = {isa = PBXBuildFile; fileRef = 116C78E21E00F302009FCB25 /* LBXScanNetAnimation.swift */; };
		116C78EC1E00F302009FCB25 /* LBXScanView.swift in Sources */ = {isa = PBXBuildFile; fileRef = 116C78E31E00F302009FCB25 /* LBXScanView.swift */; };
		116C78ED1E00F302009FCB25 /* LBXScanViewController.swift in Sources */ = {isa = PBXBuildFile; fileRef = 116C78E41E00F302009FCB25 /* LBXScanViewController.swift */; };
		116C78EE1E00F302009FCB25 /* LBXScanViewStyle.swift in Sources */ = {isa = PBXBuildFile; fileRef = 116C78E51E00F302009FCB25 /* LBXScanViewStyle.swift */; };
		116C78EF1E00F302009FCB25 /* LBXScanWrapper.swift in Sources */ = {isa = PBXBuildFile; fileRef = 116C78E61E00F302009FCB25 /* LBXScanWrapper.swift */; };
		119252F51DEEC89D00659281 /* PopupView.swift in Sources */ = {isa = PBXBuildFile; fileRef = 119252F41DEEC89D00659281 /* PopupView.swift */; };
		11DBF6DA1DC1DBC0000C4FDD /* AppDelegate.swift in Sources */ = {isa = PBXBuildFile; fileRef = 11DBF6D91DC1DBC0000C4FDD /* AppDelegate.swift */; };
		11DBF6DC1DC1DBC0000C4FDD /* ViewController.swift in Sources */ = {isa = PBXBuildFile; fileRef = 11DBF6DB1DC1DBC0000C4FDD /* ViewController.swift */; };
		11DBF6DF1DC1DBC0000C4FDD /* Main.storyboard in Resources */ = {isa = PBXBuildFile; fileRef = 11DBF6DD1DC1DBC0000C4FDD /* Main.storyboard */; };
		11DBF6E11DC1DBC0000C4FDD /* Assets.xcassets in Resources */ = {isa = PBXBuildFile; fileRef = 11DBF6E01DC1DBC0000C4FDD /* Assets.xcassets */; };
		11DBF6E41DC1DBC0000C4FDD /* LaunchScreen.storyboard in Resources */ = {isa = PBXBuildFile; fileRef = 11DBF6E21DC1DBC0000C4FDD /* LaunchScreen.storyboard */; };
		11F215861E037EE200D47722 /* TESTViewController.swift in Sources */ = {isa = PBXBuildFile; fileRef = 11F215851E037EE200D47722 /* TESTViewController.swift */; };
		11F215881E037F4C00D47722 /* TESTView.swift in Sources */ = {isa = PBXBuildFile; fileRef = 11F215871E037F4C00D47722 /* TESTView.swift */; };
		11F2158A1E03876D00D47722 /* YLViewController.swift in Sources */ = {isa = PBXBuildFile; fileRef = 11F215891E03876D00D47722 /* YLViewController.swift */; };
/* End PBXBuildFile section */

/* Begin PBXFileReference section */
		111196661DE1E44700F27154 /* Dictionary+Extension.swift */ = {isa = PBXFileReference; fileEncoding = 4; lastKnownFileType = sourcecode.swift; path = "Dictionary+Extension.swift"; sourceTree = "<group>"; };
		111196671DE1E44700F27154 /* Timer+Extension.swift */ = {isa = PBXFileReference; fileEncoding = 4; lastKnownFileType = sourcecode.swift; path = "Timer+Extension.swift"; sourceTree = "<group>"; };
		111A8FED1DF151B900504F3A /* CityAdressPickerView.swift */ = {isa = PBXFileReference; fileEncoding = 4; lastKnownFileType = sourcecode.swift; path = CityAdressPickerView.swift; sourceTree = "<group>"; };
		112269301DFA42B400EABCEB /* Array+Extension.swift */ = {isa = PBXFileReference; fileEncoding = 4; lastKnownFileType = sourcecode.swift; path = "Array+Extension.swift"; sourceTree = "<group>"; };
		1122693B1DFC40F000EABCEB /* UIButton+Extension.swift */ = {isa = PBXFileReference; fileEncoding = 4; lastKnownFileType = sourcecode.swift; path = "UIButton+Extension.swift"; sourceTree = "<group>"; };
		1122693D1DFCD3C900EABCEB /* Date+Extension.swift */ = {isa = PBXFileReference; fileEncoding = 4; lastKnownFileType = sourcecode.swift; path = "Date+Extension.swift"; sourceTree = "<group>"; };
		112329F31DC8752000B1911B /* String+Extension.swift */ = {isa = PBXFileReference; fileEncoding = 4; lastKnownFileType = sourcecode.swift; path = "String+Extension.swift"; sourceTree = "<group>"; };
		112956751DDC390200BEDC86 /* CommonUtils.swift */ = {isa = PBXFileReference; fileEncoding = 4; lastKnownFileType = sourcecode.swift; path = CommonUtils.swift; sourceTree = "<group>"; };
		113641581DC3247900D1DD71 /* VerifyCodeButton.swift */ = {isa = PBXFileReference; fileEncoding = 4; lastKnownFileType = sourcecode.swift; path = VerifyCodeButton.swift; sourceTree = "<group>"; };
		114C4B5C1F1617FB00F9C8C0 /* Data+Extension.swift */ = {isa = PBXFileReference; fileEncoding = 4; lastKnownFileType = sourcecode.swift; path = "Data+Extension.swift"; sourceTree = "<group>"; };
		115E7FCB1DDABA4200DADCA9 /* MyVerifyCodeButton.swift */ = {isa = PBXFileReference; fileEncoding = 4; lastKnownFileType = sourcecode.swift; path = MyVerifyCodeButton.swift; sourceTree = "<group>"; };
		11600D701DFFD96E002BC244 /* UIViewController+Extension.swift */ = {isa = PBXFileReference; fileEncoding = 4; lastKnownFileType = sourcecode.swift; path = "UIViewController+Extension.swift"; sourceTree = "<group>"; };
		116C78D71E00F1F5009FCB25 /* ScanQRCodesViewController.swift */ = {isa = PBXFileReference; fileEncoding = 4; lastKnownFileType = sourcecode.swift; path = ScanQRCodesViewController.swift; sourceTree = "<group>"; };
		116C78D81E00F1F5009FCB25 /* ScanResultTextViewController.swift */ = {isa = PBXFileReference; fileEncoding = 4; lastKnownFileType = sourcecode.swift; path = ScanResultTextViewController.swift; sourceTree = "<group>"; };
		116C78DD1E00F302009FCB25 /* ScanQRCodesViewController.swift */ = {isa = PBXFileReference; fileEncoding = 4; lastKnownFileType = sourcecode.swift; path = ScanQRCodesViewController.swift; sourceTree = "<group>"; };
		116C78DE1E00F302009FCB25 /* ScanResultTextViewController.swift */ = {isa = PBXFileReference; fileEncoding = 4; lastKnownFileType = sourcecode.swift; path = ScanResultTextViewController.swift; sourceTree = "<group>"; };
		116C78E01E00F302009FCB25 /* LBXPermissions.swift */ = {isa = PBXFileReference; fileEncoding = 4; lastKnownFileType = sourcecode.swift; path = LBXPermissions.swift; sourceTree = "<group>"; };
		116C78E11E00F302009FCB25 /* LBXScanLineAnimation.swift */ = {isa = PBXFileReference; fileEncoding = 4; lastKnownFileType = sourcecode.swift; path = LBXScanLineAnimation.swift; sourceTree = "<group>"; };
		116C78E21E00F302009FCB25 /* LBXScanNetAnimation.swift */ = {isa = PBXFileReference; fileEncoding = 4; lastKnownFileType = sourcecode.swift; path = LBXScanNetAnimation.swift; sourceTree = "<group>"; };
		116C78E31E00F302009FCB25 /* LBXScanView.swift */ = {isa = PBXFileReference; fileEncoding = 4; lastKnownFileType = sourcecode.swift; path = LBXScanView.swift; sourceTree = "<group>"; };
		116C78E41E00F302009FCB25 /* LBXScanViewController.swift */ = {isa = PBXFileReference; fileEncoding = 4; lastKnownFileType = sourcecode.swift; path = LBXScanViewController.swift; sourceTree = "<group>"; };
		116C78E51E00F302009FCB25 /* LBXScanViewStyle.swift */ = {isa = PBXFileReference; fileEncoding = 4; lastKnownFileType = sourcecode.swift; path = LBXScanViewStyle.swift; sourceTree = "<group>"; };
		116C78E61E00F302009FCB25 /* LBXScanWrapper.swift */ = {isa = PBXFileReference; fileEncoding = 4; lastKnownFileType = sourcecode.swift; path = LBXScanWrapper.swift; sourceTree = "<group>"; };
		119252F41DEEC89D00659281 /* PopupView.swift */ = {isa = PBXFileReference; fileEncoding = 4; lastKnownFileType = sourcecode.swift; path = PopupView.swift; sourceTree = "<group>"; };
		11DBF6D61DC1DBC0000C4FDD /* SWift.app */ = {isa = PBXFileReference; explicitFileType = wrapper.application; includeInIndex = 0; path = SWift.app; sourceTree = BUILT_PRODUCTS_DIR; };
		11DBF6D91DC1DBC0000C4FDD /* AppDelegate.swift */ = {isa = PBXFileReference; lastKnownFileType = sourcecode.swift; path = AppDelegate.swift; sourceTree = "<group>"; };
		11DBF6DB1DC1DBC0000C4FDD /* ViewController.swift */ = {isa = PBXFileReference; lastKnownFileType = sourcecode.swift; path = ViewController.swift; sourceTree = "<group>"; };
		11DBF6DE1DC1DBC0000C4FDD /* Base */ = {isa = PBXFileReference; lastKnownFileType = file.storyboard; name = Base; path = Base.lproj/Main.storyboard; sourceTree = "<group>"; };
		11DBF6E01DC1DBC0000C4FDD /* Assets.xcassets */ = {isa = PBXFileReference; lastKnownFileType = folder.assetcatalog; path = Assets.xcassets; sourceTree = "<group>"; };
		11DBF6E31DC1DBC0000C4FDD /* Base */ = {isa = PBXFileReference; lastKnownFileType = file.storyboard; name = Base; path = Base.lproj/LaunchScreen.storyboard; sourceTree = "<group>"; };
		11DBF6E51DC1DBC0000C4FDD /* Info.plist */ = {isa = PBXFileReference; lastKnownFileType = text.plist.xml; path = Info.plist; sourceTree = "<group>"; };
		11F215851E037EE200D47722 /* TESTViewController.swift */ = {isa = PBXFileReference; fileEncoding = 4; lastKnownFileType = sourcecode.swift; path = TESTViewController.swift; sourceTree = "<group>"; };
		11F215871E037F4C00D47722 /* TESTView.swift */ = {isa = PBXFileReference; fileEncoding = 4; lastKnownFileType = sourcecode.swift; path = TESTView.swift; sourceTree = "<group>"; };
		11F215891E03876D00D47722 /* YLViewController.swift */ = {isa = PBXFileReference; fileEncoding = 4; lastKnownFileType = sourcecode.swift; path = YLViewController.swift; sourceTree = "<group>"; };
/* End PBXFileReference section */

/* Begin PBXFrameworksBuildPhase section */
		11DBF6D31DC1DBC0000C4FDD /* Frameworks */ = {
			isa = PBXFrameworksBuildPhase;
			buildActionMask = 2147483647;
			files = (
			);
			runOnlyForDeploymentPostprocessing = 0;
		};
/* End PBXFrameworksBuildPhase section */

/* Begin PBXGroup section */
		116C78D51E00F1F5009FCB25 /* ScanQRCodes */ = {
			isa = PBXGroup;
			children = (
				116C78D61E00F1F5009FCB25 /* Controller */,
			);
			path = ScanQRCodes;
			sourceTree = "<group>";
		};
		116C78D61E00F1F5009FCB25 /* Controller */ = {
			isa = PBXGroup;
			children = (
				116C78D71E00F1F5009FCB25 /* ScanQRCodesViewController.swift */,
				116C78D81E00F1F5009FCB25 /* ScanResultTextViewController.swift */,
			);
			path = Controller;
			sourceTree = "<group>";
		};
		116C78DB1E00F302009FCB25 /* ScanQRCodes */ = {
			isa = PBXGroup;
			children = (
				116C78DC1E00F302009FCB25 /* Controller */,
			);
			path = ScanQRCodes;
			sourceTree = "<group>";
		};
		116C78DC1E00F302009FCB25 /* Controller */ = {
			isa = PBXGroup;
			children = (
				116C78DD1E00F302009FCB25 /* ScanQRCodesViewController.swift */,
				116C78DE1E00F302009FCB25 /* ScanResultTextViewController.swift */,
			);
			path = Controller;
			sourceTree = "<group>";
		};
		116C78DF1E00F302009FCB25 /* QRScan */ = {
			isa = PBXGroup;
			children = (
				116C78E01E00F302009FCB25 /* LBXPermissions.swift */,
				116C78E11E00F302009FCB25 /* LBXScanLineAnimation.swift */,
				116C78E21E00F302009FCB25 /* LBXScanNetAnimation.swift */,
				116C78E31E00F302009FCB25 /* LBXScanView.swift */,
				116C78E41E00F302009FCB25 /* LBXScanViewController.swift */,
				116C78E51E00F302009FCB25 /* LBXScanViewStyle.swift */,
				116C78E61E00F302009FCB25 /* LBXScanWrapper.swift */,
			);
			path = QRScan;
			sourceTree = "<group>";
		};
		11DBF6CD1DC1DBC0000C4FDD = {
			isa = PBXGroup;
			children = (
				11DBF6D81DC1DBC0000C4FDD /* SWift */,
				11DBF6D71DC1DBC0000C4FDD /* Products */,
			);
			sourceTree = "<group>";
		};
		11DBF6D71DC1DBC0000C4FDD /* Products */ = {
			isa = PBXGroup;
			children = (
				11DBF6D61DC1DBC0000C4FDD /* SWift.app */,
			);
			name = Products;
			sourceTree = "<group>";
		};
		11DBF6D81DC1DBC0000C4FDD /* SWift */ = {
			isa = PBXGroup;
			children = (
				116C78DB1E00F302009FCB25 /* ScanQRCodes */,
				116C78DF1E00F302009FCB25 /* QRScan */,
				116C78D51E00F1F5009FCB25 /* ScanQRCodes */,
				11600D701DFFD96E002BC244 /* UIViewController+Extension.swift */,
				111A8FED1DF151B900504F3A /* CityAdressPickerView.swift */,
				119252F41DEEC89D00659281 /* PopupView.swift */,
				111196661DE1E44700F27154 /* Dictionary+Extension.swift */,
				111196671DE1E44700F27154 /* Timer+Extension.swift */,
				112329F31DC8752000B1911B /* String+Extension.swift */,
				113641581DC3247900D1DD71 /* VerifyCodeButton.swift */,
				11DBF6D91DC1DBC0000C4FDD /* AppDelegate.swift */,
				11DBF6DB1DC1DBC0000C4FDD /* ViewController.swift */,
				11DBF6DD1DC1DBC0000C4FDD /* Main.storyboard */,
				11DBF6E01DC1DBC0000C4FDD /* Assets.xcassets */,
				11DBF6E21DC1DBC0000C4FDD /* LaunchScreen.storyboard */,
				11DBF6E51DC1DBC0000C4FDD /* Info.plist */,
				115E7FCB1DDABA4200DADCA9 /* MyVerifyCodeButton.swift */,
				112956751DDC390200BEDC86 /* CommonUtils.swift */,
				112269301DFA42B400EABCEB /* Array+Extension.swift */,
				1122693B1DFC40F000EABCEB /* UIButton+Extension.swift */,
				1122693D1DFCD3C900EABCEB /* Date+Extension.swift */,
				11F215851E037EE200D47722 /* TESTViewController.swift */,
				11F215871E037F4C00D47722 /* TESTView.swift */,
				11F215891E03876D00D47722 /* YLViewController.swift */,
				114C4B5C1F1617FB00F9C8C0 /* Data+Extension.swift */,
			);
			path = SWift;
			sourceTree = "<group>";
		};
/* End PBXGroup section */

/* Begin PBXNativeTarget section */
		11DBF6D51DC1DBC0000C4FDD /* SWift */ = {
			isa = PBXNativeTarget;
			buildConfigurationList = 11DBF6E81DC1DBC0000C4FDD /* Build configuration list for PBXNativeTarget "SWift" */;
			buildPhases = (
				11DBF6D21DC1DBC0000C4FDD /* Sources */,
				11DBF6D31DC1DBC0000C4FDD /* Frameworks */,
				11DBF6D41DC1DBC0000C4FDD /* Resources */,
			);
			buildRules = (
			);
			dependencies = (
			);
			name = SWift;
			productName = SWift;
			productReference = 11DBF6D61DC1DBC0000C4FDD /* SWift.app */;
			productType = "com.apple.product-type.application";
		};
/* End PBXNativeTarget section */

/* Begin PBXProject section */
		11DBF6CE1DC1DBC0000C4FDD /* Project object */ = {
			isa = PBXProject;
			attributes = {
				LastSwiftUpdateCheck = 0800;
				LastUpgradeCheck = 0800;
				ORGANIZATIONNAME = "ios-mac";
				TargetAttributes = {
					11DBF6D51DC1DBC0000C4FDD = {
						CreatedOnToolsVersion = 8.0;
						DevelopmentTeam = KD59NK3467;
						ProvisioningStyle = Automatic;
					};
				};
			};
			buildConfigurationList = 11DBF6D11DC1DBC0000C4FDD /* Build configuration list for PBXProject "SWift" */;
			compatibilityVersion = "Xcode 3.2";
			developmentRegion = English;
			hasScannedForEncodings = 0;
			knownRegions = (
				en,
				Base,
			);
			mainGroup = 11DBF6CD1DC1DBC0000C4FDD;
			productRefGroup = 11DBF6D71DC1DBC0000C4FDD /* Products */;
			projectDirPath = "";
			projectRoot = "";
			targets = (
				11DBF6D51DC1DBC0000C4FDD /* SWift */,
			);
		};
/* End PBXProject section */

/* Begin PBXResourcesBuildPhase section */
		11DBF6D41DC1DBC0000C4FDD /* Resources */ = {
			isa = PBXResourcesBuildPhase;
			buildActionMask = 2147483647;
			files = (
				11DBF6E41DC1DBC0000C4FDD /* LaunchScreen.storyboard in Resources */,
				11DBF6E11DC1DBC0000C4FDD /* Assets.xcassets in Resources */,
				11DBF6DF1DC1DBC0000C4FDD /* Main.storyboard in Resources */,
			);
			runOnlyForDeploymentPostprocessing = 0;
		};
/* End PBXResourcesBuildPhase section */

/* Begin PBXSourcesBuildPhase section */
		11DBF6D21DC1DBC0000C4FDD /* Sources */ = {
			isa = PBXSourcesBuildPhase;
			buildActionMask = 2147483647;
			files = (
				116C78EA1E00F302009FCB25 /* LBXScanLineAnimation.swift in Sources */,
				116C78EF1E00F302009FCB25 /* LBXScanWrapper.swift in Sources */,
				111A8FEE1DF151B900504F3A /* CityAdressPickerView.swift in Sources */,
				116C78E91E00F302009FCB25 /* LBXPermissions.swift in Sources */,
				119252F51DEEC89D00659281 /* PopupView.swift in Sources */,
				11F2158A1E03876D00D47722 /* YLViewController.swift in Sources */,
				116C78ED1E00F302009FCB25 /* LBXScanViewController.swift in Sources */,
				114C4B5D1F1617FB00F9C8C0 /* Data+Extension.swift in Sources */,
				1122693E1DFCD3C900EABCEB /* Date+Extension.swift in Sources */,
				112329F41DC8752000B1911B /* String+Extension.swift in Sources */,
				11600D711DFFD96E002BC244 /* UIViewController+Extension.swift in Sources */,
				116C78EE1E00F302009FCB25 /* LBXScanViewStyle.swift in Sources */,
				112269311DFA42B400EABCEB /* Array+Extension.swift in Sources */,
				111196691DE1E44700F27154 /* Timer+Extension.swift in Sources */,
				116C78E71E00F302009FCB25 /* ScanQRCodesViewController.swift in Sources */,
				1122693C1DFC40F000EABCEB /* UIButton+Extension.swift in Sources */,
				111196681DE1E44700F27154 /* Dictionary+Extension.swift in Sources */,
				116C78DA1E00F1F5009FCB25 /* ScanResultTextViewController.swift in Sources */,
				11DBF6DC1DC1DBC0000C4FDD /* ViewController.swift in Sources */,
				113641591DC3247900D1DD71 /* VerifyCodeButton.swift in Sources */,
				11F215881E037F4C00D47722 /* TESTView.swift in Sources */,
				116C78E81E00F302009FCB25 /* ScanResultTextViewController.swift in Sources */,
				116C78D91E00F1F5009FCB25 /* ScanQRCodesViewController.swift in Sources */,
				115E7FCC1DDABA4200DADCA9 /* MyVerifyCodeButton.swift in Sources */,
				116C78EC1E00F302009FCB25 /* LBXScanView.swift in Sources */,
				112956761DDC390200BEDC86 /* CommonUtils.swift in Sources */,
				116C78EB1E00F302009FCB25 /* LBXScanNetAnimation.swift in Sources */,
				11F215861E037EE200D47722 /* TESTViewController.swift in Sources */,
				11DBF6DA1DC1DBC0000C4FDD /* AppDelegate.swift in Sources */,
			);
			runOnlyForDeploymentPostprocessing = 0;
		};
/* End PBXSourcesBuildPhase section */

/* Begin PBXVariantGroup section */
		11DBF6DD1DC1DBC0000C4FDD /* Main.storyboard */ = {
			isa = PBXVariantGroup;
			children = (
				11DBF6DE1DC1DBC0000C4FDD /* Base */,
			);
			name = Main.storyboard;
			sourceTree = "<group>";
		};
		11DBF6E21DC1DBC0000C4FDD /* LaunchScreen.storyboard */ = {
			isa = PBXVariantGroup;
			children = (
				11DBF6E31DC1DBC0000C4FDD /* Base */,
			);
			name = LaunchScreen.storyboard;
			sourceTree = "<group>";
		};
/* End PBXVariantGroup section */

/* Begin XCBuildConfiguration section */
		11DBF6E61DC1DBC0000C4FDD /* Debug */ = {
			isa = XCBuildConfiguration;
			buildSettings = {
				ALWAYS_SEARCH_USER_PATHS = NO;
				CLANG_ANALYZER_NONNULL = YES;
				CLANG_CXX_LANGUAGE_STANDARD = "gnu++0x";
				CLANG_CXX_LIBRARY = "libc++";
				CLANG_ENABLE_MODULES = YES;
				CLANG_ENABLE_OBJC_ARC = YES;
				CLANG_WARN_BOOL_CONVERSION = YES;
				CLANG_WARN_CONSTANT_CONVERSION = YES;
				CLANG_WARN_DIRECT_OBJC_ISA_USAGE = YES_ERROR;
				CLANG_WARN_DOCUMENTATION_COMMENTS = YES;
				CLANG_WARN_EMPTY_BODY = YES;
				CLANG_WARN_ENUM_CONVERSION = YES;
				CLANG_WARN_INFINITE_RECURSION = YES;
				CLANG_WARN_INT_CONVERSION = YES;
				CLANG_WARN_OBJC_ROOT_CLASS = YES_ERROR;
				CLANG_WARN_SUSPICIOUS_MOVES = YES;
				CLANG_WARN_UNREACHABLE_CODE = YES;
				CLANG_WARN__DUPLICATE_METHOD_MATCH = YES;
				"CODE_SIGN_IDENTITY[sdk=iphoneos*]" = "iPhone Developer";
				COPY_PHASE_STRIP = NO;
				DEBUG_INFORMATION_FORMAT = dwarf;
				ENABLE_STRICT_OBJC_MSGSEND = YES;
				ENABLE_TESTABILITY = YES;
				GCC_C_LANGUAGE_STANDARD = gnu99;
				GCC_DYNAMIC_NO_PIC = NO;
				GCC_NO_COMMON_BLOCKS = YES;
				GCC_OPTIMIZATION_LEVEL = 0;
				GCC_PREPROCESSOR_DEFINITIONS = (
					"DEBUG=1",
					"$(inherited)",
				);
				GCC_WARN_64_TO_32_BIT_CONVERSION = YES;
				GCC_WARN_ABOUT_RETURN_TYPE = YES_ERROR;
				GCC_WARN_UNDECLARED_SELECTOR = YES;
				GCC_WARN_UNINITIALIZED_AUTOS = YES_AGGRESSIVE;
				GCC_WARN_UNUSED_FUNCTION = YES;
				GCC_WARN_UNUSED_VARIABLE = YES;
				IPHONEOS_DEPLOYMENT_TARGET = 10.0;
				MTL_ENABLE_DEBUG_INFO = YES;
				ONLY_ACTIVE_ARCH = YES;
				SDKROOT = iphoneos;
				SWIFT_ACTIVE_COMPILATION_CONDITIONS = DEBUG;
				SWIFT_OPTIMIZATION_LEVEL = "-Onone";
			};
			name = Debug;
		};
		11DBF6E71DC1DBC0000C4FDD /* Release */ = {
			isa = XCBuildConfiguration;
			buildSettings = {
				ALWAYS_SEARCH_USER_PATHS = NO;
				CLANG_ANALYZER_NONNULL = YES;
				CLANG_CXX_LANGUAGE_STANDARD = "gnu++0x";
				CLANG_CXX_LIBRARY = "libc++";
				CLANG_ENABLE_MODULES = YES;
				CLANG_ENABLE_OBJC_ARC = YES;
				CLANG_WARN_BOOL_CONVERSION = YES;
				CLANG_WARN_CONSTANT_CONVERSION = YES;
				CLANG_WARN_DIRECT_OBJC_ISA_USAGE = YES_ERROR;
				CLANG_WARN_DOCUMENTATION_COMMENTS = YES;
				CLANG_WARN_EMPTY_BODY = YES;
				CLANG_WARN_ENUM_CONVERSION = YES;
				CLANG_WARN_INFINITE_RECURSION = YES;
				CLANG_WARN_INT_CONVERSION = YES;
				CLANG_WARN_OBJC_ROOT_CLASS = YES_ERROR;
				CLANG_WARN_SUSPICIOUS_MOVES = YES;
				CLANG_WARN_UNREACHABLE_CODE = YES;
				CLANG_WARN__DUPLICATE_METHOD_MATCH = YES;
				"CODE_SIGN_IDENTITY[sdk=iphoneos*]" = "iPhone Developer";
				COPY_PHASE_STRIP = NO;
				DEBUG_INFORMATION_FORMAT = "dwarf-with-dsym";
				ENABLE_NS_ASSERTIONS = NO;
				ENABLE_STRICT_OBJC_MSGSEND = YES;
				GCC_C_LANGUAGE_STANDARD = gnu99;
				GCC_NO_COMMON_BLOCKS = YES;
				GCC_WARN_64_TO_32_BIT_CONVERSION = YES;
				GCC_WARN_ABOUT_RETURN_TYPE = YES_ERROR;
				GCC_WARN_UNDECLARED_SELECTOR = YES;
				GCC_WARN_UNINITIALIZED_AUTOS = YES_AGGRESSIVE;
				GCC_WARN_UNUSED_FUNCTION = YES;
				GCC_WARN_UNUSED_VARIABLE = YES;
				IPHONEOS_DEPLOYMENT_TARGET = 10.0;
				MTL_ENABLE_DEBUG_INFO = NO;
				SDKROOT = iphoneos;
				SWIFT_OPTIMIZATION_LEVEL = "-Owholemodule";
				VALIDATE_PRODUCT = YES;
			};
			name = Release;
		};
		11DBF6E91DC1DBC0000C4FDD /* Debug */ = {
			isa = XCBuildConfiguration;
			buildSettings = {
				ASSETCATALOG_COMPILER_APPICON_NAME = AppIcon;
				DEVELOPMENT_TEAM = KD59NK3467;
				INFOPLIST_FILE = SWift/Info.plist;
				LD_RUNPATH_SEARCH_PATHS = "$(inherited) @executable_path/Frameworks";
				PRODUCT_BUNDLE_IDENTIFIER = com.wangliugen.SWift;
				PRODUCT_NAME = "$(TARGET_NAME)";
				SWIFT_VERSION = 3.0;
			};
			name = Debug;
		};
		11DBF6EA1DC1DBC0000C4FDD /* Release */ = {
			isa = XCBuildConfiguration;
			buildSettings = {
				ASSETCATALOG_COMPILER_APPICON_NAME = AppIcon;
				DEVELOPMENT_TEAM = KD59NK3467;
				INFOPLIST_FILE = SWift/Info.plist;
				LD_RUNPATH_SEARCH_PATHS = "$(inherited) @executable_path/Frameworks";
				PRODUCT_BUNDLE_IDENTIFIER = com.wangliugen.SWift;
				PRODUCT_NAME = "$(TARGET_NAME)";
				SWIFT_VERSION = 3.0;
			};
			name = Release;
		};
/* End XCBuildConfiguration section */

/* Begin XCConfigurationList section */
		11DBF6D11DC1DBC0000C4FDD /* Build configuration list for PBXProject "SWift" */ = {
			isa = XCConfigurationList;
			buildConfigurations = (
				11DBF6E61DC1DBC0000C4FDD /* Debug */,
				11DBF6E71DC1DBC0000C4FDD /* Release */,
			);
			defaultConfigurationIsVisible = 0;
			defaultConfigurationName = Release;
		};
		11DBF6E81DC1DBC0000C4FDD /* Build configuration list for PBXNativeTarget "SWift" */ = {
			isa = XCConfigurationList;
			buildConfigurations = (
				11DBF6E91DC1DBC0000C4FDD /* Debug */,
				11DBF6EA1DC1DBC0000C4FDD /* Release */,
			);
			defaultConfigurationIsVisible = 0;
			defaultConfigurationName = Release;
		};
/* End XCConfigurationList section */
	};
	rootObject = 11DBF6CE1DC1DBC0000C4FDD /* Project object */;
}
