// !$*UTF8*$!
{
	archiveVersion = 1;
	classes = {
	};
	objectVersion = 46;
	objects = {

/* Begin PBXBuildFile section */
		1104B8C81E0EC51D005DE91D /* NSString+Extension.m in Sources */ = {isa = PBXBuildFile; fileRef = 1104B8C61E0EC51D005DE91D /* NSString+Extension.m */; };
		11227C7D1DEBB46300F72797 /* MainTarbBarController.m in Sources */ = {isa = PBXBuildFile; fileRef = 11227C791DEBB46300F72797 /* MainTarbBarController.m */; };
		11227C7E1DEBB46300F72797 /* NavigationController.m in Sources */ = {isa = PBXBuildFile; fileRef = 11227C7C1DEBB46300F72797 /* NavigationController.m */; };
		112329F91DCAD6DC00B1911B /* YLUtils.m in Sources */ = {isa = PBXBuildFile; fileRef = 112329F81DCAD6DC00B1911B /* YLUtils.m */; };
		112329FE1DCAD7D200B1911B /* GTMBase64.m in Sources */ = {isa = PBXBuildFile; fileRef = 112329FC1DCAD7D200B1911B /* GTMBase64.m */; };
		113641571DC3234B00D1DD71 /* VerifyCodeButton.m in Sources */ = {isa = PBXBuildFile; fileRef = 113641551DC3234B00D1DD71 /* VerifyCodeButton.m */; };
		11DBF6F91DC1DC53000C4FDD /* main.m in Sources */ = {isa = PBXBuildFile; fileRef = 11DBF6F81DC1DC53000C4FDD /* main.m */; };
		11DBF6FC1DC1DC53000C4FDD /* AppDelegate.m in Sources */ = {isa = PBXBuildFile; fileRef = 11DBF6FB1DC1DC53000C4FDD /* AppDelegate.m */; };
		11DBF6FF1DC1DC53000C4FDD /* ViewController.m in Sources */ = {isa = PBXBuildFile; fileRef = 11DBF6FE1DC1DC53000C4FDD /* ViewController.m */; };
		11DBF7021DC1DC53000C4FDD /* Main.storyboard in Resources */ = {isa = PBXBuildFile; fileRef = 11DBF7001DC1DC53000C4FDD /* Main.storyboard */; };
		11DBF7041DC1DC53000C4FDD /* Assets.xcassets in Resources */ = {isa = PBXBuildFile; fileRef = 11DBF7031DC1DC53000C4FDD /* Assets.xcassets */; };
		11DBF7071DC1DC53000C4FDD /* LaunchScreen.storyboard in Resources */ = {isa = PBXBuildFile; fileRef = 11DBF7051DC1DC53000C4FDD /* LaunchScreen.storyboard */; };
/* End PBXBuildFile section */

/* Begin PBXFileReference section */
		1104B8C61E0EC51D005DE91D /* NSString+Extension.m */ = {isa = PBXFileReference; fileEncoding = 4; lastKnownFileType = sourcecode.c.objc; path = "NSString+Extension.m"; sourceTree = "<group>"; };
		1104B8C71E0EC51D005DE91D /* NSString+Extension.h */ = {isa = PBXFileReference; fileEncoding = 4; lastKnownFileType = sourcecode.c.h; path = "NSString+Extension.h"; sourceTree = "<group>"; };
		11227C791DEBB46300F72797 /* MainTarbBarController.m */ = {isa = PBXFileReference; fileEncoding = 4; lastKnownFileType = sourcecode.c.objc; path = MainTarbBarController.m; sourceTree = "<group>"; };
		11227C7A1DEBB46300F72797 /* MainTarbBarController.h */ = {isa = PBXFileReference; fileEncoding = 4; lastKnownFileType = sourcecode.c.h; path = MainTarbBarController.h; sourceTree = "<group>"; };
		11227C7B1DEBB46300F72797 /* NavigationController.h */ = {isa = PBXFileReference; fileEncoding = 4; lastKnownFileType = sourcecode.c.h; path = NavigationController.h; sourceTree = "<group>"; };
		11227C7C1DEBB46300F72797 /* NavigationController.m */ = {isa = PBXFileReference; fileEncoding = 4; lastKnownFileType = sourcecode.c.objc; path = NavigationController.m; sourceTree = "<group>"; };
		112329F71DCAD6DC00B1911B /* YLUtils.h */ = {isa = PBXFileReference; fileEncoding = 4; lastKnownFileType = sourcecode.c.h; path = YLUtils.h; sourceTree = "<group>"; };
		112329F81DCAD6DC00B1911B /* YLUtils.m */ = {isa = PBXFileReference; fileEncoding = 4; lastKnownFileType = sourcecode.c.objc; path = YLUtils.m; sourceTree = "<group>"; };
		112329FB1DCAD7D200B1911B /* GTMBase64.h */ = {isa = PBXFileReference; fileEncoding = 4; lastKnownFileType = sourcecode.c.h; path = GTMBase64.h; sourceTree = "<group>"; };
		112329FC1DCAD7D200B1911B /* GTMBase64.m */ = {isa = PBXFileReference; fileEncoding = 4; lastKnownFileType = sourcecode.c.objc; path = GTMBase64.m; sourceTree = "<group>"; };
		112329FD1DCAD7D200B1911B /* GTMDefines.h */ = {isa = PBXFileReference; fileEncoding = 4; lastKnownFileType = sourcecode.c.h; path = GTMDefines.h; sourceTree = "<group>"; };
		113641551DC3234B00D1DD71 /* VerifyCodeButton.m */ = {isa = PBXFileReference; fileEncoding = 4; lastKnownFileType = sourcecode.c.objc; path = VerifyCodeButton.m; sourceTree = "<group>"; };
		113641561DC3234B00D1DD71 /* VerifyCodeButton.h */ = {isa = PBXFileReference; fileEncoding = 4; lastKnownFileType = sourcecode.c.h; path = VerifyCodeButton.h; sourceTree = "<group>"; };
		11DBF6F41DC1DC53000C4FDD /* Objective_C.app */ = {isa = PBXFileReference; explicitFileType = wrapper.application; includeInIndex = 0; path = Objective_C.app; sourceTree = BUILT_PRODUCTS_DIR; };
		11DBF6F81DC1DC53000C4FDD /* main.m */ = {isa = PBXFileReference; lastKnownFileType = sourcecode.c.objc; path = main.m; sourceTree = "<group>"; };
		11DBF6FA1DC1DC53000C4FDD /* AppDelegate.h */ = {isa = PBXFileReference; lastKnownFileType = sourcecode.c.h; path = AppDelegate.h; sourceTree = "<group>"; };
		11DBF6FB1DC1DC53000C4FDD /* AppDelegate.m */ = {isa = PBXFileReference; lastKnownFileType = sourcecode.c.objc; path = AppDelegate.m; sourceTree = "<group>"; };
		11DBF6FD1DC1DC53000C4FDD /* ViewController.h */ = {isa = PBXFileReference; lastKnownFileType = sourcecode.c.h; path = ViewController.h; sourceTree = "<group>"; };
		11DBF6FE1DC1DC53000C4FDD /* ViewController.m */ = {isa = PBXFileReference; lastKnownFileType = sourcecode.c.objc; path = ViewController.m; sourceTree = "<group>"; };
		11DBF7011DC1DC53000C4FDD /* Base */ = {isa = PBXFileReference; lastKnownFileType = file.storyboard; name = Base; path = Base.lproj/Main.storyboard; sourceTree = "<group>"; };
		11DBF7031DC1DC53000C4FDD /* Assets.xcassets */ = {isa = PBXFileReference; lastKnownFileType = folder.assetcatalog; path = Assets.xcassets; sourceTree = "<group>"; };
		11DBF7061DC1DC53000C4FDD /* Base */ = {isa = PBXFileReference; lastKnownFileType = file.storyboard; name = Base; path = Base.lproj/LaunchScreen.storyboard; sourceTree = "<group>"; };
		11DBF7081DC1DC53000C4FDD /* Info.plist */ = {isa = PBXFileReference; lastKnownFileType = text.plist.xml; path = Info.plist; sourceTree = "<group>"; };
/* End PBXFileReference section */

/* Begin PBXFrameworksBuildPhase section */
		11DBF6F11DC1DC53000C4FDD /* Frameworks */ = {
			isa = PBXFrameworksBuildPhase;
			buildActionMask = 2147483647;
			files = (
			);
			runOnlyForDeploymentPostprocessing = 0;
		};
/* End PBXFrameworksBuildPhase section */

/* Begin PBXGroup section */
		112329FA1DCAD7D200B1911B /* GTMBase64 */ = {
			isa = PBXGroup;
			children = (
				112329FB1DCAD7D200B1911B /* GTMBase64.h */,
				112329FC1DCAD7D200B1911B /* GTMBase64.m */,
				112329FD1DCAD7D200B1911B /* GTMDefines.h */,
			);
			path = GTMBase64;
			sourceTree = "<group>";
		};
		11DBF6EB1DC1DC53000C4FDD = {
			isa = PBXGroup;
			children = (
				11DBF6F61DC1DC53000C4FDD /* Objective_C */,
				11DBF6F51DC1DC53000C4FDD /* Products */,
			);
			sourceTree = "<group>";
		};
		11DBF6F51DC1DC53000C4FDD /* Products */ = {
			isa = PBXGroup;
			children = (
				11DBF6F41DC1DC53000C4FDD /* Objective_C.app */,
			);
			name = Products;
			sourceTree = "<group>";
		};
		11DBF6F61DC1DC53000C4FDD /* Objective_C */ = {
			isa = PBXGroup;
			children = (
				1104B8C61E0EC51D005DE91D /* NSString+Extension.m */,
				1104B8C71E0EC51D005DE91D /* NSString+Extension.h */,
				11227C791DEBB46300F72797 /* MainTarbBarController.m */,
				11227C7A1DEBB46300F72797 /* MainTarbBarController.h */,
				11227C7B1DEBB46300F72797 /* NavigationController.h */,
				11227C7C1DEBB46300F72797 /* NavigationController.m */,
				112329FA1DCAD7D200B1911B /* GTMBase64 */,
				113641551DC3234B00D1DD71 /* VerifyCodeButton.m */,
				113641561DC3234B00D1DD71 /* VerifyCodeButton.h */,
				11DBF6FA1DC1DC53000C4FDD /* AppDelegate.h */,
				11DBF6FB1DC1DC53000C4FDD /* AppDelegate.m */,
				11DBF6FD1DC1DC53000C4FDD /* ViewController.h */,
				11DBF6FE1DC1DC53000C4FDD /* ViewController.m */,
				11DBF7001DC1DC53000C4FDD /* Main.storyboard */,
				11DBF7031DC1DC53000C4FDD /* Assets.xcassets */,
				11DBF7051DC1DC53000C4FDD /* LaunchScreen.storyboard */,
				11DBF7081DC1DC53000C4FDD /* Info.plist */,
				11DBF6F71DC1DC53000C4FDD /* Supporting Files */,
				112329F71DCAD6DC00B1911B /* YLUtils.h */,
				112329F81DCAD6DC00B1911B /* YLUtils.m */,
			);
			path = Objective_C;
			sourceTree = "<group>";
		};
		11DBF6F71DC1DC53000C4FDD /* Supporting Files */ = {
			isa = PBXGroup;
			children = (
				11DBF6F81DC1DC53000C4FDD /* main.m */,
			);
			name = "Supporting Files";
			sourceTree = "<group>";
		};
/* End PBXGroup section */

/* Begin PBXNativeTarget section */
		11DBF6F31DC1DC53000C4FDD /* Objective_C */ = {
			isa = PBXNativeTarget;
			buildConfigurationList = 11DBF70B1DC1DC53000C4FDD /* Build configuration list for PBXNativeTarget "Objective_C" */;
			buildPhases = (
				11DBF6F01DC1DC53000C4FDD /* Sources */,
				11DBF6F11DC1DC53000C4FDD /* Frameworks */,
				11DBF6F21DC1DC53000C4FDD /* Resources */,
			);
			buildRules = (
			);
			dependencies = (
			);
			name = Objective_C;
			productName = Objective_C;
			productReference = 11DBF6F41DC1DC53000C4FDD /* Objective_C.app */;
			productType = "com.apple.product-type.application";
		};
/* End PBXNativeTarget section */

/* Begin PBXProject section */
		11DBF6EC1DC1DC53000C4FDD /* Project object */ = {
			isa = PBXProject;
			attributes = {
				LastUpgradeCheck = 0800;
				ORGANIZATIONNAME = "ios-mac";
				TargetAttributes = {
					11DBF6F31DC1DC53000C4FDD = {
						CreatedOnToolsVersion = 8.0;
						DevelopmentTeam = KD59NK3467;
						ProvisioningStyle = Automatic;
					};
				};
			};
			buildConfigurationList = 11DBF6EF1DC1DC53000C4FDD /* Build configuration list for PBXProject "Objective_C" */;
			compatibilityVersion = "Xcode 3.2";
			developmentRegion = English;
			hasScannedForEncodings = 0;
			knownRegions = (
				en,
				Base,
			);
			mainGroup = 11DBF6EB1DC1DC53000C4FDD;
			productRefGroup = 11DBF6F51DC1DC53000C4FDD /* Products */;
			projectDirPath = "";
			projectRoot = "";
			targets = (
				11DBF6F31DC1DC53000C4FDD /* Objective_C */,
			);
		};
/* End PBXProject section */

/* Begin PBXResourcesBuildPhase section */
		11DBF6F21DC1DC53000C4FDD /* Resources */ = {
			isa = PBXResourcesBuildPhase;
			buildActionMask = 2147483647;
			files = (
				11DBF7071DC1DC53000C4FDD /* LaunchScreen.storyboard in Resources */,
				11DBF7041DC1DC53000C4FDD /* Assets.xcassets in Resources */,
				11DBF7021DC1DC53000C4FDD /* Main.storyboard in Resources */,
			);
			runOnlyForDeploymentPostprocessing = 0;
		};
/* End PBXResourcesBuildPhase section */

/* Begin PBXSourcesBuildPhase section */
		11DBF6F01DC1DC53000C4FDD /* Sources */ = {
			isa = PBXSourcesBuildPhase;
			buildActionMask = 2147483647;
			files = (
				11DBF6FF1DC1DC53000C4FDD /* ViewController.m in Sources */,
				112329FE1DCAD7D200B1911B /* GTMBase64.m in Sources */,
				11227C7D1DEBB46300F72797 /* MainTarbBarController.m in Sources */,
				112329F91DCAD6DC00B1911B /* YLUtils.m in Sources */,
				11DBF6FC1DC1DC53000C4FDD /* AppDelegate.m in Sources */,
				11227C7E1DEBB46300F72797 /* NavigationController.m in Sources */,
				113641571DC3234B00D1DD71 /* VerifyCodeButton.m in Sources */,
				1104B8C81E0EC51D005DE91D /* NSString+Extension.m in Sources */,
				11DBF6F91DC1DC53000C4FDD /* main.m in Sources */,
			);
			runOnlyForDeploymentPostprocessing = 0;
		};
/* End PBXSourcesBuildPhase section */

/* Begin PBXVariantGroup section */
		11DBF7001DC1DC53000C4FDD /* Main.storyboard */ = {
			isa = PBXVariantGroup;
			children = (
				11DBF7011DC1DC53000C4FDD /* Base */,
			);
			name = Main.storyboard;
			sourceTree = "<group>";
		};
		11DBF7051DC1DC53000C4FDD /* LaunchScreen.storyboard */ = {
			isa = PBXVariantGroup;
			children = (
				11DBF7061DC1DC53000C4FDD /* Base */,
			);
			name = LaunchScreen.storyboard;
			sourceTree = "<group>";
		};
/* End PBXVariantGroup section */

/* Begin XCBuildConfiguration section */
		11DBF7091DC1DC53000C4FDD /* Debug */ = {
			isa = XCBuildConfiguration;
			buildSettings = {
				ALWAYS_SEARCH_USER_PATHS = NO;
				CLANG_ANALYZER_NONNULL = YES;
				CLANG_CXX_LANGUAGE_STANDARD = "gnu++0x";
				CLANG_CXX_LIBRARY = "libc++";
				CLANG_ENABLE_MODULES = YES;
				CLANG_ENABLE_OBJC_ARC = YES;
				CLANG_WARN_BOOL_CONVERSION = YES;
				CLANG_WARN_CONSTANT_CONVERSION = YES;
				CLANG_WARN_DIRECT_OBJC_ISA_USAGE = YES_ERROR;
				CLANG_WARN_DOCUMENTATION_COMMENTS = YES;
				CLANG_WARN_EMPTY_BODY = YES;
				CLANG_WARN_ENUM_CONVERSION = YES;
				CLANG_WARN_INFINITE_RECURSION = YES;
				CLANG_WARN_INT_CONVERSION = YES;
				CLANG_WARN_OBJC_ROOT_CLASS = YES_ERROR;
				CLANG_WARN_SUSPICIOUS_MOVES = YES;
				CLANG_WARN_UNREACHABLE_CODE = YES;
				CLANG_WARN__DUPLICATE_METHOD_MATCH = YES;
				"CODE_SIGN_IDENTITY[sdk=iphoneos*]" = "iPhone Developer";
				COPY_PHASE_STRIP = NO;
				DEBUG_INFORMATION_FORMAT = dwarf;
				ENABLE_STRICT_OBJC_MSGSEND = YES;
				ENABLE_TESTABILITY = YES;
				GCC_C_LANGUAGE_STANDARD = gnu99;
				GCC_DYNAMIC_NO_PIC = NO;
				GCC_NO_COMMON_BLOCKS = YES;
				GCC_OPTIMIZATION_LEVEL = 0;
				GCC_PREPROCESSOR_DEFINITIONS = (
					"DEBUG=1",
					"$(inherited)",
				);
				GCC_WARN_64_TO_32_BIT_CONVERSION = YES;
				GCC_WARN_ABOUT_RETURN_TYPE = YES_ERROR;
				GCC_WARN_UNDECLARED_SELECTOR = YES;
				GCC_WARN_UNINITIALIZED_AUTOS = YES_AGGRESSIVE;
				GCC_WARN_UNUSED_FUNCTION = YES;
				GCC_WARN_UNUSED_VARIABLE = YES;
				IPHONEOS_DEPLOYMENT_TARGET = 10.0;
				MTL_ENABLE_DEBUG_INFO = YES;
				ONLY_ACTIVE_ARCH = YES;
				SDKROOT = iphoneos;
			};
			name = Debug;
		};
		11DBF70A1DC1DC53000C4FDD /* Release */ = {
			isa = XCBuildConfiguration;
			buildSettings = {
				ALWAYS_SEARCH_USER_PATHS = NO;
				CLANG_ANALYZER_NONNULL = YES;
				CLANG_CXX_LANGUAGE_STANDARD = "gnu++0x";
				CLANG_CXX_LIBRARY = "libc++";
				CLANG_ENABLE_MODULES = YES;
				CLANG_ENABLE_OBJC_ARC = YES;
				CLANG_WARN_BOOL_CONVERSION = YES;
				CLANG_WARN_CONSTANT_CONVERSION = YES;
				CLANG_WARN_DIRECT_OBJC_ISA_USAGE = YES_ERROR;
				CLANG_WARN_DOCUMENTATION_COMMENTS = YES;
				CLANG_WARN_EMPTY_BODY = YES;
				CLANG_WARN_ENUM_CONVERSION = YES;
				CLANG_WARN_INFINITE_RECURSION = YES;
				CLANG_WARN_INT_CONVERSION = YES;
				CLANG_WARN_OBJC_ROOT_CLASS = YES_ERROR;
				CLANG_WARN_SUSPICIOUS_MOVES = YES;
				CLANG_WARN_UNREACHABLE_CODE = YES;
				CLANG_WARN__DUPLICATE_METHOD_MATCH = YES;
				"CODE_SIGN_IDENTITY[sdk=iphoneos*]" = "iPhone Developer";
				COPY_PHASE_STRIP = NO;
				DEBUG_INFORMATION_FORMAT = "dwarf-with-dsym";
				ENABLE_NS_ASSERTIONS = NO;
				ENABLE_STRICT_OBJC_MSGSEND = YES;
				GCC_C_LANGUAGE_STANDARD = gnu99;
				GCC_NO_COMMON_BLOCKS = YES;
				GCC_WARN_64_TO_32_BIT_CONVERSION = YES;
				GCC_WARN_ABOUT_RETURN_TYPE = YES_ERROR;
				GCC_WARN_UNDECLARED_SELECTOR = YES;
				GCC_WARN_UNINITIALIZED_AUTOS = YES_AGGRESSIVE;
				GCC_WARN_UNUSED_FUNCTION = YES;
				GCC_WARN_UNUSED_VARIABLE = YES;
				IPHONEOS_DEPLOYMENT_TARGET = 10.0;
				MTL_ENABLE_DEBUG_INFO = NO;
				SDKROOT = iphoneos;
				VALIDATE_PRODUCT = YES;
			};
			name = Release;
		};
		11DBF70C1DC1DC53000C4FDD /* Debug */ = {
			isa = XCBuildConfiguration;
			buildSettings = {
				ASSETCATALOG_COMPILER_APPICON_NAME = AppIcon;
				DEVELOPMENT_TEAM = KD59NK3467;
				INFOPLIST_FILE = Objective_C/Info.plist;
				LD_RUNPATH_SEARCH_PATHS = "$(inherited) @executable_path/Frameworks";
				PRODUCT_BUNDLE_IDENTIFIER = "com.wangliugen.Objective-C";
				PRODUCT_NAME = "$(TARGET_NAME)";
			};
			name = Debug;
		};
		11DBF70D1DC1DC53000C4FDD /* Release */ = {
			isa = XCBuildConfiguration;
			buildSettings = {
				ASSETCATALOG_COMPILER_APPICON_NAME = AppIcon;
				DEVELOPMENT_TEAM = KD59NK3467;
				INFOPLIST_FILE = Objective_C/Info.plist;
				LD_RUNPATH_SEARCH_PATHS = "$(inherited) @executable_path/Frameworks";
				PRODUCT_BUNDLE_IDENTIFIER = "com.wangliugen.Objective-C";
				PRODUCT_NAME = "$(TARGET_NAME)";
			};
			name = Release;
		};
/* End XCBuildConfiguration section */

/* Begin XCConfigurationList section */
		11DBF6EF1DC1DC53000C4FDD /* Build configuration list for PBXProject "Objective_C" */ = {
			isa = XCConfigurationList;
			buildConfigurations = (
				11DBF7091DC1DC53000C4FDD /* Debug */,
				11DBF70A1DC1DC53000C4FDD /* Release */,
			);
			defaultConfigurationIsVisible = 0;
			defaultConfigurationName = Release;
		};
		11DBF70B1DC1DC53000C4FDD /* Build configuration list for PBXNativeTarget "Objective_C" */ = {
			isa = XCConfigurationList;
			buildConfigurations = (
				11DBF70C1DC1DC53000C4FDD /* Debug */,
				11DBF70D1DC1DC53000C4FDD /* Release */,
			);
			defaultConfigurationIsVisible = 0;
			defaultConfigurationName = Release;
		};
/* End XCConfigurationList section */
	};
	rootObject = 11DBF6EC1DC1DC53000C4FDD /* Project object */;
}
